# This file is generated by running "yarn install" inside your project.
# Manual changes might be lost - proceed with caution!

__metadata:
  version: 4

"@dimension/core@0.1.0, @dimension/core@workspace:packages/core":
  version: 0.0.0-use.local
  resolution: "@dimension/core@workspace:packages/core"
  dependencies:
    "@types/node": ^13.7.1
    typescript: ^3.7.5
  languageName: unknown
  linkType: soft

"@dimension/dom@workspace:packages/dom":
  version: 0.0.0-use.local
  resolution: "@dimension/dom@workspace:packages/dom"
  dependencies:
    "@dimension/core": 0.1.0
    "@types/node": ^13.7.1
    typescript: ^3.7.5
  languageName: unknown
  linkType: soft

"@dimension/react@workspace:packages/react":
  version: 0.0.0-use.local
  resolution: "@dimension/react@workspace:packages/react"
  dependencies:
    "@dimension/core": 0.1.0
    "@types/node": ^13.7.1
    "@types/react": ^16.9.19
    typescript: ^3.7.5
  languageName: unknown
  linkType: soft

"@types/node@npm:^13.7.1":
  version: 13.7.1
  resolution: "@types/node@npm:13.7.1"
  checksum: 2/93c5252ec2bfd0de52858cfb986695f89a4b16ad341a7885e11f650cb28e879199c620effe4d17dd68aa8944691db491ebe6ff27cd8e87989e762581514067bb
  languageName: node
  linkType: hard

"@types/prop-types@npm:*":
  version: 15.7.3
  resolution: "@types/prop-types@npm:15.7.3"
  checksum: 2/bd0eab69d5120ad3784d0c9985f902653d5924707a7f2b3702a330e762dfd61b6494954cb54ad0c52b918ffd6f1e7e27c9270e4442bc15250de348596f2f60cb
  languageName: node
  linkType: hard

"@types/react@npm:^16.9.19":
  version: 16.9.19
  resolution: "@types/react@npm:16.9.19"
  dependencies:
    "@types/prop-types": "*"
    csstype: ^2.2.0
  checksum: 2/0517d996fd9e52d8bf0ed9d4890189344d1c8d893acdb4cb2a59fd5ce029a1e057ec7b2bed9d1891d62cf91fd4570ec70a37a47a6b056cb99f4473c34ff03249
  languageName: node
  linkType: hard

"ansi-styles@npm:^3.2.1":
  version: 3.2.1
  resolution: "ansi-styles@npm:3.2.1"
  dependencies:
    color-convert: ^1.9.0
  checksum: 2/456e1c23d9277512a47718da75e7fbb0a5ee215ef893c2f76d6b3efe8fceabc861121b80b0362146f5f995d21a1633f05a19bbf6283ae66ac11dc3b9c0bed779
  languageName: node
  linkType: hard

"balanced-match@npm:^1.0.0":
  version: 1.0.0
  resolution: "balanced-match@npm:1.0.0"
  checksum: 2/f515a605fe1b59f476f7477c5e1d53ad55b4f42982fca1d57b6701906f4ad1f1ac90fd6587d92cc1af2edb43eecf979214dd847ee410a6de9db4ebf0dd128d62
  languageName: node
  linkType: hard

"brace-expansion@npm:^1.1.7":
  version: 1.1.11
  resolution: "brace-expansion@npm:1.1.11"
  dependencies:
    balanced-match: ^1.0.0
    concat-map: 0.0.1
  checksum: 2/4c878e25e4858baf801945dfd63eb68feab2e502cf1122f25f3915c0e3bf397af3a93ff6bef0798db41c0d81ef28c08e55daac38058710f749a3b96eee6b8f40
  languageName: node
  linkType: hard

"chalk@npm:^2.4.1":
  version: 2.4.2
  resolution: "chalk@npm:2.4.2"
  dependencies:
    ansi-styles: ^3.2.1
    escape-string-regexp: ^1.0.5
    supports-color: ^5.3.0
  checksum: 2/22c7b7b5bc761c882bb6516454a1a671923f1c53ff972860065aa0b28a195f230163c1d46ee88bcc7a03e5539177d896457d8bc727de7f244c6e87032743038e
  languageName: node
  linkType: hard

"color-convert@npm:^1.9.0":
  version: 1.9.3
  resolution: "color-convert@npm:1.9.3"
  dependencies:
    color-name: 1.1.3
  checksum: 2/5f244daa3d1fe1f216d48878c550465067d15268688308554e613b7640a068f96588096d51f0b98b68f15d6ff6bb8ad24e172582ac8c0ad43fa4d3da60fd1b79
  languageName: node
  linkType: hard

"color-name@npm:1.1.3":
  version: 1.1.3
  resolution: "color-name@npm:1.1.3"
  checksum: 2/d8b91bb90aefc05b6ff568cf8889566dcc6269824df6f3c9b8ca842b18d7f4d089c07dc166808d33f22092d4a79167aa56a96a5ff0d21efab548bf44614db43b
  languageName: node
  linkType: hard

"concat-map@npm:0.0.1":
  version: 0.0.1
  resolution: "concat-map@npm:0.0.1"
  checksum: 2/554e28d9ee5aa6e061795473ee092cb3d3a2cbdb76c35416e0bb6e03f136d7d07676da387b2ed0ec4106cedbb6534080d9abc48ecc4a92b76406cf2d0c3c0c4b
  languageName: node
  linkType: hard

"cross-spawn@npm:^6.0.5":
  version: 6.0.5
  resolution: "cross-spawn@npm:6.0.5"
  dependencies:
    nice-try: ^1.0.4
    path-key: ^2.0.1
    semver: ^5.5.0
    shebang-command: ^1.2.0
    which: ^1.2.9
  checksum: 2/05fbbf957d9b81dc05fd799a238f6aacc2e7cc9783fff3f0e00439a97d6f269c90482571cbf1eeea17200fd119161a2d1f88aa49a8110b176e04f2a70825284f
  languageName: node
  linkType: hard

"csstype@npm:^2.2.0":
  version: 2.6.9
  resolution: "csstype@npm:2.6.9"
  checksum: 2/fb00716951a932ac3450546c65d761a75c133091b44db9aec0be07c2ca06a38141d6e059ad839035feea9abb0faee90aadcad6b73e7be0250c66602fd7a49f3a
  languageName: node
  linkType: hard

"define-properties@npm:^1.1.2, define-properties@npm:^1.1.3":
  version: 1.1.3
  resolution: "define-properties@npm:1.1.3"
  dependencies:
    object-keys: ^1.0.12
  checksum: 2/b69c48c1b1dacb61f0b1cea367707c3bb214e3c47818aff18e6f20a7f88cbfa33d4cbdfd9ff79e56faba95ddca3d78ff10fbf2f02ecfad6f3e13b256e76b1212
  languageName: node
  linkType: hard

"dimension@workspace:.":
  version: 0.0.0-use.local
  resolution: "dimension@workspace:."
  dependencies:
    npm-run-all: ^4.1.5
  languageName: unknown
  linkType: soft

"error-ex@npm:^1.3.1":
  version: 1.3.2
  resolution: "error-ex@npm:1.3.2"
  dependencies:
    is-arrayish: ^0.2.1
  checksum: 2/6c6c9187429ae867d145bc64c682c7c137b1f8373a406dc3b605c0d92f15b85bfcea02b461dc55ae11b10d013377e1eaf3d469d2861b2f94703c743620a9c08c
  languageName: node
  linkType: hard

"es-abstract@npm:^1.17.0-next.1":
  version: 1.17.4
  resolution: "es-abstract@npm:1.17.4"
  dependencies:
    es-to-primitive: ^1.2.1
    function-bind: ^1.1.1
    has: ^1.0.3
    has-symbols: ^1.0.1
    is-callable: ^1.1.5
    is-regex: ^1.0.5
    object-inspect: ^1.7.0
    object-keys: ^1.1.1
    object.assign: ^4.1.0
    string.prototype.trimleft: ^2.1.1
    string.prototype.trimright: ^2.1.1
  checksum: 2/3b61cfa7278bbed3be3d1c13056b87451b06df4ba1ecafa2f03945304ea0e27fc07312c96addbc7df612a8b0680f4ff8c717e06b2b820628d270ffa9cec08f8e
  languageName: node
  linkType: hard

"es-to-primitive@npm:^1.2.1":
  version: 1.2.1
  resolution: "es-to-primitive@npm:1.2.1"
  dependencies:
    is-callable: ^1.1.4
    is-date-object: ^1.0.1
    is-symbol: ^1.0.2
  checksum: 2/d20b7be268b84662469972ec7265a57d4d6a65b9bf2b73f040d75e14f9f6dbe266a1a88579162e11349f9cb70eaa17640efb515c90dab19745a904b680b14be3
  languageName: node
  linkType: hard

"escape-string-regexp@npm:^1.0.5":
  version: 1.0.5
  resolution: "escape-string-regexp@npm:1.0.5"
  checksum: 2/f9484b8b4c8827d816e0fd905c25ed4b561376a9c220e1430403ea84619bf680c76a883a48cff8b8e091daf55d6a497e37479f9787b9f15f3c421b6054289744
  languageName: node
  linkType: hard

"function-bind@npm:^1.1.1":
  version: 1.1.1
  resolution: "function-bind@npm:1.1.1"
  checksum: 2/ffad86e7d2010ba179aaa6a3987d2cc0ed48fa92d27f1ed84bfa06d14f77deeed5bfbae7f00bdebc0c54218392cab2b18ecc080e2c72f592431927b87a27d42b
  languageName: node
  linkType: hard

"graceful-fs@npm:^4.1.2":
  version: 4.2.3
  resolution: "graceful-fs@npm:4.2.3"
  checksum: 2/67b7e3f6a687c91287f17a2adfcce462406e2aa16ea4440618e1daaecd579ae6362c0b13303f86c77c165ed8074fa8b0868bb0a73173fa3407c2b747e89353f9
  languageName: node
  linkType: hard

"has-flag@npm:^3.0.0":
  version: 3.0.0
  resolution: "has-flag@npm:3.0.0"
  checksum: 2/63aade480d27aeedb3b5b63a2e069d47d0006bf182338d662e7941cdc024e68a28418e0efa8dc5df30db9c4ee2407f39e6ea3f16cfbc6b83848b450826a28aa0
  languageName: node
  linkType: hard

"has-symbols@npm:^1.0.0, has-symbols@npm:^1.0.1":
  version: 1.0.1
  resolution: "has-symbols@npm:1.0.1"
  checksum: 2/84e2a03ada6f530f0c1ebea64df5932556ac20a4b78998f1f2b5dd0cf736843e8082c488b0ea7f08b9aec72fb6d8b736beed2fd62fac60dcaebfdc0b8d2aa7ac
  languageName: node
  linkType: hard

"has@npm:^1.0.3":
  version: 1.0.3
  resolution: "has@npm:1.0.3"
  dependencies:
    function-bind: ^1.1.1
  checksum: 2/c686e15300d41364486c099a9259d9c418022c294244843dcd712c4c286ff839d4f23a25413baa28c4d2c1e828afc2aaab70f685400b391533980223c71fa1ca
  languageName: node
  linkType: hard

"hosted-git-info@npm:^2.1.4":
  version: 2.8.5
  resolution: "hosted-git-info@npm:2.8.5"
  checksum: 2/f2f8d862c7a3c181bec46a3bb3d7209b96b5d54afe23f6bf17c9a480610082a2cdadee92fc631212792afb8abdd51e0e63cc929c505f45cfea2bb372197f7b45
  languageName: node
  linkType: hard

"is-arrayish@npm:^0.2.1":
  version: 0.2.1
  resolution: "is-arrayish@npm:0.2.1"
  checksum: 2/fc2bbe14dbcb27b490e63b7fbf0e3b0aae843e5e1fa96d79450bb9617797615a575c78c454ffc8e027c3ad50d63d83e85a7387784979dcd46686d2eb5f412db0
  languageName: node
  linkType: hard

"is-callable@npm:^1.1.4, is-callable@npm:^1.1.5":
  version: 1.1.5
  resolution: "is-callable@npm:1.1.5"
  checksum: 2/e77885498dc68297933cfcf2b93da039936216a6423698dfbad33fdabd4e79f3298f30d505424e5f52d8acebc1223a1a0a0ab98435b92dbd55d7713be012719e
  languageName: node
  linkType: hard

"is-date-object@npm:^1.0.1":
  version: 1.0.2
  resolution: "is-date-object@npm:1.0.2"
  checksum: 2/0e322699464a99da638c8a583b74dfb791732b6bc9c102bc0b7ac6303d83c86b9935f19b8d2ed4de52092241190c8826b099cb31972dea49a99b755293c0b1cf
  languageName: node
  linkType: hard

"is-regex@npm:^1.0.5":
  version: 1.0.5
  resolution: "is-regex@npm:1.0.5"
  dependencies:
    has: ^1.0.3
  checksum: 2/2f3b1fdb16044c6d1cc8d3a617cf1ff8637fe6958991e2805ba8eb01bdc76be6032ccd7fde12e81c39c5e70b0d556cdc7ba2a3a92f096d4e788f764bded2eca0
  languageName: node
  linkType: hard

"is-symbol@npm:^1.0.2":
  version: 1.0.3
  resolution: "is-symbol@npm:1.0.3"
  dependencies:
    has-symbols: ^1.0.1
  checksum: 2/753aa0cf95069387521b110c6646df4e0b5cce76cf604521c26b4f5d30a997a95036ed5930c0cca9e850ac6fccb04de551cc95aab71df471ee88e04ed1a96f21
  languageName: node
  linkType: hard

"isexe@npm:^2.0.0":
  version: 2.0.0
  resolution: "isexe@npm:2.0.0"
  checksum: 2/7b437980bb77881a146fba85cfbdf01edc2b148673e9c2722a1e49661fea73adf524430a80fdbfb8ce9f60d43224e682c657c45030482bd39e0c488fc29b4afe
  languageName: node
  linkType: hard

"json-parse-better-errors@npm:^1.0.1":
  version: 1.0.2
  resolution: "json-parse-better-errors@npm:1.0.2"
  checksum: 2/b4c4f0e43b43892af887db742b26f9aa6302b09cd5f6e655ead49fca9f47f3cdd300dcf98cf5218778262be51d7b29859221206fc98b87a1a61c5af7618dae89
  languageName: node
  linkType: hard

"load-json-file@npm:^4.0.0":
  version: 4.0.0
  resolution: "load-json-file@npm:4.0.0"
  dependencies:
    graceful-fs: ^4.1.2
    parse-json: ^4.0.0
    pify: ^3.0.0
    strip-bom: ^3.0.0
  checksum: 2/692f33387be2439e920e394a70754499c22eabe567f55fee7c0a8994c050e27360c1b39c5375d214539ebb7d609d28e69f6bd6e3c070d30bc202c99289e27f96
  languageName: node
  linkType: hard

"memorystream@npm:^0.3.1":
  version: 0.3.1
  resolution: "memorystream@npm:0.3.1"
  checksum: 2/825bcc7d3eb8bd021a1b0f8c81e4d7a8dc2eced1f8bb79d41ec978547cf118146d6863f5e6134f02bb55ee5d963a8689793e6e82ce8eb989bac339ae782728bb
  languageName: node
  linkType: hard

"minimatch@npm:^3.0.4":
  version: 3.0.4
  resolution: "minimatch@npm:3.0.4"
  dependencies:
    brace-expansion: ^1.1.7
  checksum: 2/47eab9263962cacd5733e274ecad2d8e54b0f8e124ba35ae69189e296058f634a4967b87a98954f86fa5c830ff177caf827ce0136d28717ed3232951fb4fae62
  languageName: node
  linkType: hard

"nice-try@npm:^1.0.4":
  version: 1.0.5
  resolution: "nice-try@npm:1.0.5"
  checksum: 2/330f190bf68146a560008b661e1ddbb2eac667c16990b6bf791516d89cceb707ec67901ad647d2b32674bfa816b916489cead5c2fb6e96864c659573ab5aa3bb
  languageName: node
  linkType: hard

"normalize-package-data@npm:^2.3.2":
  version: 2.5.0
  resolution: "normalize-package-data@npm:2.5.0"
  dependencies:
    hosted-git-info: ^2.1.4
    resolve: ^1.10.0
    semver: 2 || 3 || 4 || 5
    validate-npm-package-license: ^3.0.1
  checksum: 2/97d4d6b061cab51425ddb05c38d126d7a1a2a6f2c9949bef2b5ad7ef19c005df12099ea442e4cb09190929b7770008f94f87b10342a66f739acf92a7ebb9d9f2
  languageName: node
  linkType: hard

"npm-run-all@npm:^4.1.5":
  version: 4.1.5
  resolution: "npm-run-all@npm:4.1.5"
  dependencies:
    ansi-styles: ^3.2.1
    chalk: ^2.4.1
    cross-spawn: ^6.0.5
    memorystream: ^0.3.1
    minimatch: ^3.0.4
    pidtree: ^0.3.0
    read-pkg: ^3.0.0
    shell-quote: ^1.6.1
    string.prototype.padend: ^3.0.0
  bin:
    npm-run-all: bin/npm-run-all/index.js
    run-p: bin/run-p/index.js
    run-s: bin/run-s/index.js
  checksum: 2/ef1b5b5a5fe7864d2b45c13de6dbffacde956bfc265117e0d1c8b05ee34264d494e5e65474d46592228e3a00857eae58359782fe7889d73de0a8714e6f9c0e83
  languageName: node
  linkType: hard

"object-inspect@npm:^1.7.0":
  version: 1.7.0
  resolution: "object-inspect@npm:1.7.0"
  checksum: 2/9f479ca1002fedbf4e1c5dec908477d1a7a2dd4466af0b4cf5886d269db54d8310544dfb7670a17a4c5d6a7a3dd3c346be38ea6b3541330551900a3134dec662
  languageName: node
  linkType: hard

"object-keys@npm:^1.0.11, object-keys@npm:^1.0.12, object-keys@npm:^1.1.1":
  version: 1.1.1
  resolution: "object-keys@npm:1.1.1"
  checksum: 2/30d72d768b7f3f42144cee517b80e70c40cf39bb76f100557ffac42779613c591780135c54d8133894a78d2c0ae817e24a5891484722c6019a5cd5b58c745c66
  languageName: node
  linkType: hard

"object.assign@npm:^4.1.0":
  version: 4.1.0
  resolution: "object.assign@npm:4.1.0"
  dependencies:
    define-properties: ^1.1.2
    function-bind: ^1.1.1
    has-symbols: ^1.0.0
    object-keys: ^1.0.11
  checksum: 2/92e20891ddf04d9974f7b178ae70d198727dcd638c8a5a422f07f730f40140c4fe02451cdc9c37e9f22392e5487b9162975003a9f20b16a87b9d13fe150cf62d
  languageName: node
  linkType: hard

"parse-json@npm:^4.0.0":
  version: 4.0.0
  resolution: "parse-json@npm:4.0.0"
  dependencies:
    error-ex: ^1.3.1
    json-parse-better-errors: ^1.0.1
  checksum: 2/fa9d23708f562c447f2077c6007938334a16e772c5a9b25a6eb1853d792bc34560b483bb6079143040bc89e5476288dd2edd5a60024722986e3e434d326218c9
  languageName: node
  linkType: hard

"path-key@npm:^2.0.1":
  version: 2.0.1
  resolution: "path-key@npm:2.0.1"
  checksum: 2/7dc807a2baa11d6bc0fca72148a0a0ca69ab73d98fbe42e10d22764d1ef547767f2b4ff827c6bc66e733388cd8d54297a45a39499825b9fdfd18959202384029
  languageName: node
  linkType: hard

"path-parse@npm:^1.0.6":
  version: 1.0.6
  resolution: "path-parse@npm:1.0.6"
  checksum: 2/2eee4b93fb3ae13600e3fca18390d9933bbbcf725a624f6b8df020d87515a74872ff6c58072190d6dc75a5584a683dc6ae5c385ad4e4f4efb6e66af040d56c67
  languageName: node
  linkType: hard

"path-type@npm:^3.0.0":
  version: 3.0.0
  resolution: "path-type@npm:3.0.0"
  dependencies:
    pify: ^3.0.0
  checksum: 2/db700bfc22254b38d0c8378440ec8b7b869f5d0b946d02abd281bcc6ea456a573167a8a80dd8280848998bb9739c2009f80bcf0dbf5c9d75ab18650e07fb893f
  languageName: node
  linkType: hard

"pidtree@npm:^0.3.0":
  version: 0.3.0
  resolution: "pidtree@npm:0.3.0"
  bin:
    pidtree: ./bin/pidtree.js
  checksum: 2/31ea086786717ba334c950fb055cb0d1ad0234bd861c7775540161582184df5f7338d66268cdfc0aaa3bf1c77887bc975b0161a7add67ce97dd2740e9057e17a
  languageName: node
  linkType: hard

"pify@npm:^3.0.0":
  version: 3.0.0
  resolution: "pify@npm:3.0.0"
  checksum: 2/18af2b29148c4d6fd4c7741dbd953ff76beea17d1b4a6d5792d7ff1d7202f43671c3f29313aa5ec01a66d050dbdbb0cf23f17de69531da8dc8bda42d327cf960
  languageName: node
  linkType: hard

"read-pkg@npm:^3.0.0":
  version: 3.0.0
  resolution: "read-pkg@npm:3.0.0"
  dependencies:
    load-json-file: ^4.0.0
    normalize-package-data: ^2.3.2
    path-type: ^3.0.0
  checksum: 2/8cc577b41ddd70a0037d6c0414acfab8db3a25a30c7854decf3d613f1f4240c8a47e20fddbd82724e02d4eb5a0c489e2621b4a5bb3558e09ce81f53306d1b850
  languageName: node
  linkType: hard

resolve@^1.10.0:
  version: 1.15.1
  resolution: "resolve@npm:1.15.1"
  dependencies:
    path-parse: ^1.0.6
  checksum: 2/34f77287b44a7eb4588d9d631165c763099a82aca3132920e0fdcde428a51f2cf69190c19e2309e35288a0702f57fefeb951da6138677036a16636b2f0e7b8dd
  languageName: node
  linkType: hard

"resolve@patch:resolve@^1.10.0#builtin<compat/resolve>":
  version: 1.15.1
  resolution: "resolve@patch:resolve@npm%3A1.15.1#builtin<compat/resolve>::version=1.15.1&hash=8fccd0"
  dependencies:
    path-parse: ^1.0.6
  checksum: 2/fe7e72ddef33d5c157991b824ba2d439cafcd386cb4b26d86c32e77fea442bdd9a93c6cdd93ab90f87a29449008df64b53a8310dd89ebe88ea87fb5db09c03aa
  languageName: node
  linkType: hard

"semver@npm:2 || 3 || 4 || 5, semver@npm:^5.5.0":
  version: 5.7.1
  resolution: "semver@npm:5.7.1"
  bin:
    semver: ./bin/semver
  checksum: 2/06ff0ed753ebf741b7602be8faad620d6e160a2cb3f61019d00d919c8bca141638aa23c34da779b8595afdc9faa3678bfbb5f60366b6a4f65f98cf86605bbcdb
  languageName: node
  linkType: hard

"shebang-command@npm:^1.2.0":
  version: 1.2.0
  resolution: "shebang-command@npm:1.2.0"
  dependencies:
    shebang-regex: ^1.0.0
  checksum: 2/2a1e0092a6b80b14ec742ef4e982be8aa670edc7de3e8c68b26744fb535051f7d92518106387b52e9aabe0c1ceae33d23a7dfdb94c3d7f5035c3868b723a2854
  languageName: node
  linkType: hard

"shebang-regex@npm:^1.0.0":
  version: 1.0.0
  resolution: "shebang-regex@npm:1.0.0"
  checksum: 2/cf1a41cb09023e7d39739d7145fcba57c3fabc6728b78ce706f7315cf52dfadf30f7eea664e069224fbcbbfb6ab853bc55ac45f494b47ee73fc209c98487fae5
  languageName: node
  linkType: hard

"shell-quote@npm:^1.6.1":
  version: 1.7.2
  resolution: "shell-quote@npm:1.7.2"
  checksum: 2/3b3d06814ca464cde8594c27bdd57a1f4c06b26ad2988b08b5819f97ac1edfd7cb7313fda1c909da33211972c72c5a7906b7da2b62078109f9d3274d3f404fa9
  languageName: node
  linkType: hard

"spdx-correct@npm:^3.0.0":
  version: 3.1.0
  resolution: "spdx-correct@npm:3.1.0"
  dependencies:
    spdx-expression-parse: ^3.0.0
    spdx-license-ids: ^3.0.0
  checksum: 2/3b0874df2bb18f7bd1f7e1308b5bd5f1184b55c23753eb0ae4d4f4cd9e9006ce4ec800df7b3f438fdd64b4dc7e923d46787e7f7bda2abae4c1d6f161dd93163b
  languageName: node
  linkType: hard

"spdx-exceptions@npm:^2.1.0":
  version: 2.2.0
  resolution: "spdx-exceptions@npm:2.2.0"
  checksum: 2/748c042fb1928b5ece6b5ae939ef091207e0c45066419d6c6a4944e21219c038a2a1a6df60d6b1adf3a600cd1da846d72adb246b09d9b8ef56c12b5d92bbfc01
  languageName: node
  linkType: hard

"spdx-expression-parse@npm:^3.0.0":
  version: 3.0.0
  resolution: "spdx-expression-parse@npm:3.0.0"
  dependencies:
    spdx-exceptions: ^2.1.0
    spdx-license-ids: ^3.0.0
  checksum: 2/626acd35ef9579cb1d15d87d08a571587e9d0c2d5e72c77ec2dfa83578703feb3e6a1b3250d4d56ae598649e65e89df8a3ebfb1faf028066ead3fffe4f27d658
  languageName: node
  linkType: hard

"spdx-license-ids@npm:^3.0.0":
  version: 3.0.5
  resolution: "spdx-license-ids@npm:3.0.5"
  checksum: 2/4ff7c0615a3c69a195b206a425e6a633ccb24e680ac21f5464b249b57ebb5c3f356f84a8e713599758be69ee4a849319d7fce7041b69e29acd9d31daed3fb8eb
  languageName: node
  linkType: hard

"string.prototype.padend@npm:^3.0.0":
  version: 3.1.0
  resolution: "string.prototype.padend@npm:3.1.0"
  dependencies:
    define-properties: ^1.1.3
    es-abstract: ^1.17.0-next.1
  checksum: 2/a64b67709ce758d0c7200933ec6d238c8be022aabcf1e17e1a13d6dbfa59a180597cadc1c7b7ef7408343367ea286bd39ca3c61de88ab6d2e4cabed90af626e4
  languageName: node
  linkType: hard

"string.prototype.trimleft@npm:^2.1.1":
  version: 2.1.1
  resolution: "string.prototype.trimleft@npm:2.1.1"
  dependencies:
    define-properties: ^1.1.3
    function-bind: ^1.1.1
  checksum: 2/af55774aa183d5b9feb2569785198be4b0f3ece0ad95f9149db18ca86f6998598a1bb6bc979fd37d915cd7b8de4afc92989bb2a1ef3e3443871a9d22987f395a
  languageName: node
  linkType: hard

"string.prototype.trimright@npm:^2.1.1":
  version: 2.1.1
  resolution: "string.prototype.trimright@npm:2.1.1"
  dependencies:
    define-properties: ^1.1.3
    function-bind: ^1.1.1
  checksum: 2/9866206bedf1fcacf27ceefe406b9ba5d44418cc12c0fdc122616c61ca695e8d0f3c7cfb0dd7562c39f38e3397dcdec3744c0393e8296333b19cf5e280365b7f
  languageName: node
  linkType: hard

"strip-bom@npm:^3.0.0":
  version: 3.0.0
  resolution: "strip-bom@npm:3.0.0"
  checksum: 2/361dd1dd08ae626940061570d20bcf73909d0459734b8880eb3d14176aa28f41cf85d13af036c323ce739e04ef3930a71b516950c5985b318bae3757ecb2974c
  languageName: node
  linkType: hard

"supports-color@npm:^5.3.0":
  version: 5.5.0
  resolution: "supports-color@npm:5.5.0"
  dependencies:
    has-flag: ^3.0.0
  checksum: 2/edacee6425498440744c418be94b0660181aad2a1828bcf2be85c42bd385da2fd8b2b358d9b62b0c5b03ff5cd3e992458d7b8f879d9fb42f2201fe05a4848a29
  languageName: node
  linkType: hard

typescript@^3.7.5:
  version: 3.7.5
  resolution: "typescript@npm:3.7.5"
  bin:
    tsc: bin/tsc
    tsserver: bin/tsserver
  checksum: 2/48a96fb7dc48746e6b76cf0946545181b0d5013368e510768402f1374e6c6a9f29b00e8ca4f40bc7523a655473f7bc7c55d1c8458970e96b7187bcee1b47e96b
  languageName: node
  linkType: hard

"typescript@patch:typescript@^3.7.5#builtin<compat/typescript>":
  version: 3.7.5
  resolution: "typescript@patch:typescript@npm%3A3.7.5#builtin<compat/typescript>::version=3.7.5&hash=273569"
  bin:
    tsc: bin/tsc
    tsserver: bin/tsserver
  checksum: 2/15c69b5cf2b7005de5cfe3120496f4ceb99c628bd69e735b65b2629b4c34cc867a9fd26de6f05d841e08a05727af6d6e2979c39220d2364b5b6c5854fd7d88ff
  languageName: node
  linkType: hard

"validate-npm-package-license@npm:^3.0.1":
  version: 3.0.4
  resolution: "validate-npm-package-license@npm:3.0.4"
  dependencies:
    spdx-correct: ^3.0.0
    spdx-expression-parse: ^3.0.0
  checksum: 2/940899bd4eacfa012ceecb10a5814ba0e8103da5243aa74d0d62f1f8a405efcd23e034fb7193e2d05b392870c53aabcb1f66439b062075cdcb28bc5d562a8ff6
  languageName: node
  linkType: hard

"which@npm:^1.2.9":
  version: 1.3.1
  resolution: "which@npm:1.3.1"
  dependencies:
    isexe: ^2.0.0
  bin:
    which: ./bin/which
  checksum: 2/298d95f9c185c4da22c1bfb1fdfa37c2ba56df8a6b98706ab361bf31a7d3a4845afaecfc48d4de7a259048842b5f2977f51b56f5c06c1f6a83dcf5a9e3de634a
  languageName: node
  linkType: hard
